# This file is autogenerated, do not edit; changes may be undone by the next 'dep ensure'.


[[projects]]
  name = "github.com/Azure/azure-pipeline-go"
  packages = ["pipeline"]
  revision = "0f0dbf237bd47d5688310dbd3fac369353f280d0"
  version = "0.1.5"

[[projects]]
  name = "github.com/Azure/azure-sdk-for-go"
  packages = [
    "services/authorization/mgmt/2015-07-01/authorization",
    "services/batch/2017-09-01.6.0/batch",
    "services/batch/mgmt/2017-09-01/batch",
    "services/cdn/mgmt/2017-10-12/cdn",
    "services/cognitiveservices/mgmt/2017-04-18/cognitiveservices",
    "services/cognitiveservices/v1.0/customsearch",
    "services/cognitiveservices/v1.0/entitysearch",
    "services/cognitiveservices/v1.0/imagesearch",
    "services/cognitiveservices/v1.0/newssearch",
    "services/cognitiveservices/v1.0/spellcheck",
    "services/cognitiveservices/v1.0/videosearch",
    "services/cognitiveservices/v1.0/websearch",
    "services/compute/mgmt/2017-03-30/compute",
    "services/containerinstance/mgmt/2017-08-01-preview/containerinstance",
    "services/containerservice/mgmt/2017-09-30/containerservice",
    "services/graphrbac/1.6/graphrbac",
    "services/keyvault/2016-10-01/keyvault",
    "services/keyvault/mgmt/2016-10-01/keyvault",
    "services/network/mgmt/2017-09-01/network",
    "services/resources/mgmt/2017-05-10/resources",
    "services/sql/mgmt/2015-05-01-preview/sql",
    "services/storage/mgmt/2017-06-01/storage",
    "version"
  ]
  revision = "56332fec5b308fbb6615fa1af6117394cdba186d"
  version = "v15.0.0"

[[projects]]
  branch = "master"
  name = "github.com/Azure/azure-storage-blob-go"
  packages = ["2016-05-31/azblob"]
  revision = "70edea0000eaac722aa45821797ffdedba6b53b8"

[[projects]]
  name = "github.com/Azure/go-autorest"
  packages = [
    "autorest",
    "autorest/adal",
    "autorest/azure",
    "autorest/azure/auth",
    "autorest/date",
    "autorest/to",
    "autorest/utils",
    "autorest/validation"
  ]
  revision = "ed4b7f5bf1ec0c9ede1fda2681d96771282f2862"
  version = "v10.4.0"

[[projects]]
  branch = "master"
  name = "github.com/denisenkom/go-mssqldb"
  packages = [
    ".",
    "internal/cp"
  ]
  revision = "b594cb31ff9cf2d061450ef0e1cc1f33fd211a5a"

[[projects]]
  name = "github.com/dgrijalva/jwt-go"
  packages = ["."]
  revision = "06ea1031745cb8b3dab3f6a236daf2b0aa468b7e"
  version = "v3.2.0"

[[projects]]
  branch = "master"
  name = "github.com/dimchansky/utfbom"
  packages = ["."]
  revision = "6c6132ff69f0f6c088739067407b5d32c52e1d0f"

[[projects]]
  name = "github.com/satori/go.uuid"
  packages = ["."]
  revision = "f58768cc1a7a7e77a3bd49e98cdd21419399b6a3"
  version = "v1.2.0"

[[projects]]
  name = "github.com/subosito/gotenv"
  packages = ["."]
  revision = "009e1f9581dc712aba5682a279dee155ca3eeded"
  version = "v1.1.0"

[[projects]]
  branch = "master"
  name = "golang.org/x/crypto"
  packages = [
    "md4",
    "pkcs12",
    "pkcs12/internal/rc2"
  ]
  revision = "88942b9c40a4c9d203b82b3731787b672d6e809b"

[solve-meta]
  analyzer-name = "dep"
  analyzer-version = 1
  inputs-digest = "5c9a777433d60af074d0136e6cc02a4b5d3a35ca0fb6f2e7c986d942fbdcefcb"
  solver-name = "gps-cdcl"
  solver-version = 1
