# This file is autogenerated, do not edit; changes may be undone by the next 'dep ensure'.


[[projects]]
  name = "github.com/Azure/azure-pipeline-go"
  packages = ["pipeline"]
  revision = "44216532458a7167e884458cf2d4bfc706df1651"
  version = "0.1.1"

[[projects]]
  name = "github.com/Azure/azure-sdk-for-go"
  packages = ["services/compute/mgmt/2017-03-30/compute","services/containerinstance/mgmt/2017-08-01-preview/containerinstance","services/keyvault/mgmt/2016-10-01/keyvault","services/network/mgmt/2017-09-01/network","services/resources/mgmt/2017-05-10/resources","services/sql/mgmt/2015-05-01-preview/sql","services/storage/mgmt/2017-06-01/storage"]
  revision = "7692b0cef22674113fcf71cc17ac3ccc1a7fef48"
  version = "v11.2.2-beta"

[[projects]]
  name = "github.com/Azure/azure-storage-blob-go"
  packages = ["2016-05-31/azblob"]
  revision = "d38be03d2669a60175dc8f6bc64ac815a3ef8ba8"
  version = "0.1.1"

[[projects]]
  name = "github.com/Azure/go-autorest"
  packages = ["autorest","autorest/adal","autorest/azure","autorest/date","autorest/to","autorest/validation"]
  revision = "cab8279ba5cd5e165c58201f798712f2ec0f49d6"
  version = "v9.4.2"

[[projects]]
  branch = "master"
  name = "github.com/denisenkom/go-mssqldb"
  packages = ["."]
  revision = "8a15d1bb0c8eaa4b870c016b312de5b50b493b4e"

[[projects]]
  name = "github.com/dgrijalva/jwt-go"
  packages = ["."]
  revision = "dbeaa9332f19a944acb5736b4456cfcc02140e29"
  version = "v3.1.0"

[[projects]]
  name = "github.com/satori/go.uuid"
  packages = ["."]
  revision = "879c5887cd475cd7864858769793b2ceb0d44feb"
  version = "v1.1.0"

[[projects]]
  name = "github.com/subosito/gotenv"
  packages = ["."]
  revision = "009e1f9581dc712aba5682a279dee155ca3eeded"
  version = "v1.1.0"

[[projects]]
  branch = "master"
  name = "golang.org/x/crypto"
  packages = ["md4"]
  revision = "94eea52f7b742c7cbe0b03b22f0c4c8631ece122"

[[projects]]
  branch = "master"
  name = "golang.org/x/net"
  packages = ["context"]
  revision = "a8b9294777976932365dabb6640cf1468d95c70f"

[solve-meta]
  analyzer-name = "dep"
  analyzer-version = 1
  inputs-digest = "2ea261ac879230677704c3ac68b94747567b3459b99068c203a65d4fa86afba6"
  solver-name = "gps-cdcl"
  solver-version = 1
