# This file is autogenerated, do not edit; changes may be undone by the next 'dep ensure'.


[[projects]]
  branch = "master"
  digest = "1:1ef52fe3c5134f18540c4ca5ee70c57f14a3c85b21e05867f0e793de006169a6"
  name = "golang.org/x/net"
  packages = [
    "html",
    "html/atom",
  ]
  pruneopts = "UT"
  revision = "c39426892332e1bb5ec0a434a079bf82f5d30c54"

[solve-meta]
  analyzer-name = "dep"
  analyzer-version = 1
  input-imports = ["golang.org/x/net/html"]
  solver-name = "gps-cdcl"
  solver-version = 1
